
Microsoft Visual Studio Solution File, Format Version 12.00
# Visual Studio Version 16
VisualStudioVersion = 16.0.31911.196
MinimumVisualStudioVersion = 10.0.40219.1
Project("{FAE04EC0-301F-11D3-BF4B-00C04F79EFBC}") = "UTS", "UTS\UTS.csproj", "{A819786F-E8FE-4929-BA18-4B8103280C30}"
EndProject
Global
	GlobalSection(SolutionConfigurationPlatforms) = preSolution
		Debug|Any CPU = Debug|Any CPU
		Release|Any CPU = Release|Any CPU
	EndGlobalSection
	GlobalSection(ProjectConfigurationPlatforms) = postSolution
		{A819786F-E8FE-4929-BA18-4B8103280C30}.Debug|Any CPU.ActiveCfg = Debug|Any CPU
		{A819786F-E8FE-4929-BA18-4B8103280C30}.Debug|Any CPU.Build.0 = Debug|Any CPU
		{A819786F-E8FE-4929-BA18-4B8103280C30}.Release|Any CPU.ActiveCfg = Release|Any CPU
		{A819786F-E8FE-4929-BA18-4B8103280C30}.Release|Any CPU.Build.0 = Release|Any CPU
	EndGlobalSection
	GlobalSection(SolutionProperties) = preSolution
		HideSolutionNode = FALSE
	EndGlobalSection
	GlobalSection(ExtensibilityGlobals) = postSolution
		SolutionGuid = {A6E7F43A-A558-42E8-88A5-FF49F3490151}
	EndGlobalSection
EndGlobal
